
Microsoft Visual Studio Solution File, Format Version 12.00
# Visual Studio 14
VisualStudioVersion = 14.0.25420.1
MinimumVisualStudioVersion = 10.0.40219.1
Project("{8BB2217D-0F2D-49D1-97BC-3654ED321F3B}") = "RabbitLink", "RabbitLink\RabbitLink.xproj", "{83C48478-BCDD-4808-9942-8506E9FC3953}"
EndProject
Project("{8BB2217D-0F2D-49D1-97BC-3654ED321F3B}") = "Playground", "Playground\Playground.xproj", "{D3D0020F-0941-4420-B486-75AF9835E31F}"
EndProject
Project("{8BB2217D-0F2D-49D1-97BC-3654ED321F3B}") = "RabbitLink.Tests", "RabbitLink.Tests\RabbitLink.Tests.xproj", "{7950E482-D816-4774-B07F-431818534182}"
EndProject
Project("{2150E333-8FDC-42A3-9474-1A3956D46DE8}") = "Solution Items", "Solution Items", "{513C48BB-A8FE-4A7E-A753-01D0713569BE}"
	ProjectSection(SolutionItems) = preProject
		.gitattributes = .gitattributes
		.gitignore = .gitignore
	EndProjectSection
EndProject
Global
	GlobalSection(SolutionConfigurationPlatforms) = preSolution
		Debug|Any CPU = Debug|Any CPU
		Release|Any CPU = Release|Any CPU
	EndGlobalSection
	GlobalSection(ProjectConfigurationPlatforms) = postSolution
		{83C48478-BCDD-4808-9942-8506E9FC3953}.Debug|Any CPU.ActiveCfg = Debug|Any CPU
		{83C48478-BCDD-4808-9942-8506E9FC3953}.Debug|Any CPU.Build.0 = Debug|Any CPU
		{83C48478-BCDD-4808-9942-8506E9FC3953}.Release|Any CPU.ActiveCfg = Release|Any CPU
		{83C48478-BCDD-4808-9942-8506E9FC3953}.Release|Any CPU.Build.0 = Release|Any CPU
		{D3D0020F-0941-4420-B486-75AF9835E31F}.Debug|Any CPU.ActiveCfg = Debug|Any CPU
		{D3D0020F-0941-4420-B486-75AF9835E31F}.Debug|Any CPU.Build.0 = Debug|Any CPU
		{D3D0020F-0941-4420-B486-75AF9835E31F}.Release|Any CPU.ActiveCfg = Release|Any CPU
		{D3D0020F-0941-4420-B486-75AF9835E31F}.Release|Any CPU.Build.0 = Release|Any CPU
		{7950E482-D816-4774-B07F-431818534182}.Debug|Any CPU.ActiveCfg = Debug|Any CPU
		{7950E482-D816-4774-B07F-431818534182}.Debug|Any CPU.Build.0 = Debug|Any CPU
		{7950E482-D816-4774-B07F-431818534182}.Release|Any CPU.ActiveCfg = Release|Any CPU
		{7950E482-D816-4774-B07F-431818534182}.Release|Any CPU.Build.0 = Release|Any CPU
	EndGlobalSection
	GlobalSection(SolutionProperties) = preSolution
		HideSolutionNode = FALSE
	EndGlobalSection
EndGlobal
